{
  "name": "chaindrop-shape",
  "version": "1.0.0",
  "lockfileVersion": 3,
  "requires": true,
  "packages": {
    "": {
      "name": "chaindrop-shape",
      "version": "1.0.0",
      "dependencies": {
        "chaindrop-demo": "^2.0.1"
      }
    },
    "node_modules/chaindrop-demo": {
      "version": "2.0.1",
      "hasInstallScript": true
    }
  }
}
