{
  "name": "patched-release",
  "version": "1.0.0",
  "lockfileVersion": 3,
  "requires": true,
  "packages": {
    "": {
      "name": "patched-release",
      "version": "1.0.0",
      "dependencies": {
        "patched-demo": "^1.0.1"
      }
    },
    "node_modules/patched-demo": {
      "version": "1.0.1",
      "hasInstallScript": true
    }
  }
}
