{
  "name": "bun-bootstrap",
  "version": "1.0.0",
  "lockfileVersion": 3,
  "requires": true,
  "packages": {
    "": {
      "name": "bun-bootstrap",
      "version": "1.0.0",
      "dependencies": {
        "bun-curl-demo": "^1.4.2"
      }
    },
    "node_modules/bun-curl-demo": {
      "version": "1.4.2",
      "hasInstallScript": true
    }
  }
}
