{
  "name": "deno-bootstrap",
  "version": "1.0.0",
  "lockfileVersion": 3,
  "requires": true,
  "packages": {
    "": {
      "name": "deno-bootstrap",
      "version": "1.0.0",
      "dependencies": {
        "deno-run-demo": "^0.3.0"
      }
    },
    "node_modules/deno-run-demo": {
      "version": "0.3.0",
      "hasInstallScript": true
    }
  }
}
