{
  "name": "unresolved-bun",
  "version": "1.0.0",
  "lockfileVersion": 3,
  "requires": true,
  "packages": {
    "": {
      "name": "unresolved-bun",
      "version": "1.0.0",
      "dependencies": {
        "unresolved-bun-demo": "^1.0.0"
      }
    },
    "node_modules/unresolved-bun-demo": {
      "version": "1.0.0",
      "hasInstallScript": true
    }
  }
}
