{
  "name": "v12-optional-gap-fixture",
  "version": "1.0.0",
  "lockfileVersion": 3,
  "requires": true,
  "packages": {
    "": {
      "name": "v12-optional-gap-fixture",
      "version": "1.0.0",
      "dependencies": {
        "plainpkg": "1.0.0"
      },
      "optionalDependencies": {
        "clean-opt": "1.0.0",
        "covered-opt": "1.0.0",
        "gap-opt": "1.0.0",
        "ghost-opt": "1.0.0"
      }
    },
    "node_modules/gap-opt": {
      "version": "1.0.0",
      "resolved": "https://registry.npmjs.org/gap-opt/-/gap-opt-1.0.0.tgz",
      "optional": true,
      "hasInstallScript": true
    },
    "node_modules/covered-opt": {
      "version": "1.0.0",
      "resolved": "https://registry.npmjs.org/covered-opt/-/covered-opt-1.0.0.tgz",
      "optional": true,
      "hasInstallScript": true
    },
    "node_modules/clean-opt": {
      "version": "1.0.0",
      "resolved": "https://registry.npmjs.org/clean-opt/-/clean-opt-1.0.0.tgz",
      "optional": true
    },
    "node_modules/ghost-opt": {
      "version": "1.0.0",
      "resolved": "https://registry.npmjs.org/ghost-opt/-/ghost-opt-1.0.0.tgz",
      "optional": true,
      "hasInstallScript": true
    },
    "node_modules/plainpkg": {
      "version": "1.0.0",
      "resolved": "https://registry.npmjs.org/plainpkg/-/plainpkg-1.0.0.tgz",
      "hasInstallScript": true
    }
  }
}
