{
  "name": "cross-runtime-cycle",
  "version": "1.0.0",
  "lockfileVersion": 3,
  "requires": true,
  "packages": {
    "": {
      "name": "cross-runtime-cycle",
      "version": "1.0.0",
      "dependencies": {
        "cycle-demo": "^1.0.0"
      }
    },
    "node_modules/cycle-demo": {
      "version": "1.0.0",
      "hasInstallScript": true
    }
  }
}
