{
  "name": "v12-remote-tarball-fixture",
  "version": "1.0.0",
  "lockfileVersion": 3,
  "requires": true,
  "packages": {
    "": {
      "name": "v12-remote-tarball-fixture",
      "version": "1.0.0",
      "dependencies": {
        "plainpkg": "1.0.0",
        "tarpkg": "https://example.com/tarpkg-1.0.0.tgz"
      }
    },
    "node_modules/plainpkg": {
      "version": "1.0.0",
      "resolved": "https://registry.npmjs.org/plainpkg/-/plainpkg-1.0.0.tgz"
    },
    "node_modules/tarpkg": {
      "version": "1.0.0",
      "resolved": "https://example.com/tarpkg-1.0.0.tgz"
    }
  }
}
