{
  "name": "native-heavy",
  "version": "1.0.0",
  "lockfileVersion": 3,
  "requires": true,
  "packages": {
    "": { "name": "native-heavy", "version": "1.0.0" },
    "node_modules/esbuild": { "version": "0.17.19" },
    "node_modules/@sentry/cli": { "version": "2.38.2" },
    "node_modules/core-js": { "version": "3.38.1" },
    "node_modules/sqlite3": { "version": "5.1.7" },
    "node_modules/better-sqlite3": { "version": "11.3.0" },
    "node_modules/bcrypt": { "version": "5.1.1" },
    "node_modules/puppeteer": { "version": "21.11.0" },
    "node_modules/fsevents": { "version": "2.3.3" },
    "node_modules/nan": { "version": "2.20.0" },
    "node_modules/ws": { "version": "8.18.0" },
    "node_modules/husky": { "version": "9.1.6" },
    "node_modules/sharp": { "version": "0.32.6" }
  }
}
