{
  "name": "v12-git-transitive-fixture",
  "version": "1.0.0",
  "lockfileVersion": 3,
  "requires": true,
  "packages": {
    "": {
      "name": "v12-git-transitive-fixture",
      "version": "1.0.0",
      "dependencies": {
        "left-pad": "github:left-pad/left-pad",
        "my-lib": "1.0.0"
      }
    },
    "node_modules/left-pad": {
      "version": "1.3.0",
      "resolved": "git+ssh://git@github.com/left-pad/left-pad.git#7aeb61ff2af04913b3f2c6784b5eb267157dd28d"
    },
    "node_modules/my-lib": {
      "version": "1.0.0",
      "resolved": "https://registry.npmjs.org/my-lib/-/my-lib-1.0.0.tgz",
      "dependencies": {
        "some-pkg": "git+ssh://git@github.com/a/b.git"
      }
    },
    "node_modules/some-pkg": {
      "version": "0.0.1",
      "resolved": "git+ssh://git@github.com/a/b.git#0f2ab0d70d3e919a5a5583eba7259b4b97b8b0cd"
    }
  }
}
